
Microsoft Visual Studio Solution File, Format Version 12.00
# Visual Studio 15
VisualStudioVersion = 15.0.28307.438
MinimumVisualStudioVersion = 10.0.40219.1
Project("{8BC9CEB8-8B4A-11D0-8D11-00A0C91BC942}") = "Cliente", "TP_So2_v1\TP_So2_v1.vcxproj", "{A206E5DA-F838-4C47-8788-B2C2D1AC01A2}"
EndProject
Project("{8BC9CEB8-8B4A-11D0-8D11-00A0C91BC942}") = "Servidor", "Servidor\Servidor.vcxproj", "{EA2ABB7F-01A2-4ADB-B491-FDA704A90294}"
EndProject
Project("{8BC9CEB8-8B4A-11D0-8D11-00A0C91BC942}") = "DLL", "DLL\DLL.vcxproj", "{63E3F17B-FF9F-4E0B-A84B-151B03BB0748}"
EndProject
Global
	GlobalSection(SolutionConfigurationPlatforms) = preSolution
		Debug|x64 = Debug|x64
		Debug|x86 = Debug|x86
		Release|x64 = Release|x64
		Release|x86 = Release|x86
	EndGlobalSection
	GlobalSection(ProjectConfigurationPlatforms) = postSolution
		{A206E5DA-F838-4C47-8788-B2C2D1AC01A2}.Debug|x64.ActiveCfg = Debug|x64
		{A206E5DA-F838-4C47-8788-B2C2D1AC01A2}.Debug|x64.Build.0 = Debug|x64
		{A206E5DA-F838-4C47-8788-B2C2D1AC01A2}.Debug|x86.ActiveCfg = Debug|Win32
		{A206E5DA-F838-4C47-8788-B2C2D1AC01A2}.Debug|x86.Build.0 = Debug|Win32
		{A206E5DA-F838-4C47-8788-B2C2D1AC01A2}.Release|x64.ActiveCfg = Release|x64
		{A206E5DA-F838-4C47-8788-B2C2D1AC01A2}.Release|x64.Build.0 = Release|x64
		{A206E5DA-F838-4C47-8788-B2C2D1AC01A2}.Release|x86.ActiveCfg = Release|Win32
		{A206E5DA-F838-4C47-8788-B2C2D1AC01A2}.Release|x86.Build.0 = Release|Win32
		{EA2ABB7F-01A2-4ADB-B491-FDA704A90294}.Debug|x64.ActiveCfg = Debug|x64
		{EA2ABB7F-01A2-4ADB-B491-FDA704A90294}.Debug|x64.Build.0 = Debug|x64
		{EA2ABB7F-01A2-4ADB-B491-FDA704A90294}.Debug|x86.ActiveCfg = Debug|Win32
		{EA2ABB7F-01A2-4ADB-B491-FDA704A90294}.Debug|x86.Build.0 = Debug|Win32
		{EA2ABB7F-01A2-4ADB-B491-FDA704A90294}.Release|x64.ActiveCfg = Release|x64
		{EA2ABB7F-01A2-4ADB-B491-FDA704A90294}.Release|x64.Build.0 = Release|x64
		{EA2ABB7F-01A2-4ADB-B491-FDA704A90294}.Release|x86.ActiveCfg = Release|Win32
		{EA2ABB7F-01A2-4ADB-B491-FDA704A90294}.Release|x86.Build.0 = Release|Win32
		{63E3F17B-FF9F-4E0B-A84B-151B03BB0748}.Debug|x64.ActiveCfg = Debug|x64
		{63E3F17B-FF9F-4E0B-A84B-151B03BB0748}.Debug|x64.Build.0 = Debug|x64
		{63E3F17B-FF9F-4E0B-A84B-151B03BB0748}.Debug|x86.ActiveCfg = Debug|Win32
		{63E3F17B-FF9F-4E0B-A84B-151B03BB0748}.Debug|x86.Build.0 = Debug|Win32
		{63E3F17B-FF9F-4E0B-A84B-151B03BB0748}.Release|x64.ActiveCfg = Release|x64
		{63E3F17B-FF9F-4E0B-A84B-151B03BB0748}.Release|x64.Build.0 = Release|x64
		{63E3F17B-FF9F-4E0B-A84B-151B03BB0748}.Release|x86.ActiveCfg = Release|Win32
		{63E3F17B-FF9F-4E0B-A84B-151B03BB0748}.Release|x86.Build.0 = Release|Win32
	EndGlobalSection
	GlobalSection(SolutionProperties) = preSolution
		HideSolutionNode = FALSE
	EndGlobalSection
	GlobalSection(ExtensibilityGlobals) = postSolution
		SolutionGuid = {585BC43D-A2B3-4C11-91C8-86F672DFC9C9}
	EndGlobalSection
EndGlobal
